{
  "name": "pff",
  "version": "1.0.0",
  "lockfileVersion": 2,
  "requires": true,
  "packages": {
    "": {
      "name": "pff",
      "version": "1.0.0",
      "license": "ISC",
      "dependencies": {
        "@react-pdf-viewer/core": "^3.6.0",
        "@react-pdf-viewer/default-layout": "^3.6.0",
        "concurrently": "^7.3.0",
        "react-circular-progressbar": "^2.1.0"
      }
    },
    "node_modules/@react-pdf-viewer/attachment": {
      "version": "3.6.0",
      "resolved": "https://registry.npmjs.org/@react-pdf-viewer/attachment/-/attachment-3.6.0.tgz",
      "integrity": "sha512-etxzIQsssuUE0TYVScHDuL+AArQp3YbDTowGbpdCv8JqJFYzuGFV9+3uyvJ8QlGcPChhhr2CjHrbCTF2F2bw5w==",
      "dependencies": {
        "@react-pdf-viewer/core": "3.6.0"
      },
      "peerDependencies": {
        "react": ">=16.8.0",
        "react-dom": ">=16.8.0"
      }
    },
    "node_modules/@react-pdf-viewer/bookmark": {
      "version": "3.6.0",
      "resolved": "https://registry.npmjs.org/@react-pdf-viewer/bookmark/-/bookmark-3.6.0.tgz",
      "integrity": "sha512-HaAQjaDrzE6Lbt89f0B1Z+jst3moSG3pqok7aGO4PmclxH4mtbBGK+zyXpWdF5+8feEnAa7QP3nWod5uAhJUQw==",
      "dependencies": {
        "@react-pdf-viewer/core": "3.6.0"
      },
      "peerDependencies": {
        "react": ">=16.8.0",
        "react-dom": ">=16.8.0"
      }
    },
    "node_modules/@react-pdf-viewer/core": {
      "version": "3.6.0",
      "resolved": "https://registry.npmjs.org/@react-pdf-viewer/core/-/core-3.6.0.tgz",
      "integrity": "sha512-5tDBF+BafVLNULIJf1cej7nBegNrbYtdvoBKtRs9mLo3sGENIyeZuDsP4W+5mSKK84oxO3NY5MzkTkmnuu4R9g==",
      "peerDependencies": {
        "pdfjs-dist": "^2.6.347",
        "react": ">=16.8.0",
        "react-dom": ">=16.8.0"
      }
    },
    "node_modules/@react-pdf-viewer/default-layout": {
      "version": "3.6.0",
      "resolved": "https://registry.npmjs.org/@react-pdf-viewer/default-layout/-/default-layout-3.6.0.tgz",
      "integrity": "sha512-68DjK+FB5+zyK5FKFYmIEcplq64Jejb3Y7tAVa9U/tEsoRnZt7C2mKW2e1IAEDZc+1ncdIboZvlFfRCSEDiG5A==",
      "dependencies": {
        "@react-pdf-viewer/attachment": "3.6.0",
        "@react-pdf-viewer/bookmark": "3.6.0",
        "@react-pdf-viewer/core": "3.6.0",
        "@react-pdf-viewer/thumbnail": "3.6.0",
        "@react-pdf-viewer/toolbar": "3.6.0"
      },
      "peerDependencies": {
        "react": ">=16.8.0",
        "react-dom": ">=16.8.0"
      }
    },
    "node_modules/@react-pdf-viewer/full-screen": {
      "version": "3.6.0",
      "resolved": "https://registry.npmjs.org/@react-pdf-viewer/full-screen/-/full-screen-3.6.0.tgz",
      "integrity": "sha512-SG5mpE/AZr6DtwP7soGFqfGoU5wbQvaBc2KTz+upqhgmUIEyE8AwGa+ozCgkGEqTvlJ4dP7D5Kku2BFsC6l3Cg==",
      "dependencies": {
        "@react-pdf-viewer/core": "3.6.0"
      },
      "peerDependencies": {
        "react": ">=16.8.0",
        "react-dom": ">=16.8.0"
      }
    },
    "node_modules/@react-pdf-viewer/get-file": {
      "version": "3.6.0",
      "resolved": "https://registry.npmjs.org/@react-pdf-viewer/get-file/-/get-file-3.6.0.tgz",
      "integrity": "sha512-cfMrig0Iu49yTePZSWwnyUMqu2F1pynP59snhTRoOg7RbpcAcppnDcYvVjThsE80wq1ltgMnufaVSsVoSbqIrQ==",
      "dependencies": {
        "@react-pdf-viewer/core": "3.6.0"
      },
      "peerDependencies": {
        "react": ">=16.8.0",
        "react-dom": ">=16.8.0"
      }
    },
    "node_modules/@react-pdf-viewer/open": {
      "version": "3.6.0",
      "resolved": "https://registry.npmjs.org/@react-pdf-viewer/open/-/open-3.6.0.tgz",
      "integrity": "sha512-l/fBEj/7KjYH/mLMukos0nYypIuhovq2dO3TkQBHzQPdwtBdUTr049+AiSZnMDx1CIpr8Oz3FjB5FSw+LZuUog==",
      "dependencies": {
        "@react-pdf-viewer/core": "3.6.0"
      },
      "peerDependencies": {
        "react": ">=16.8.0",
        "react-dom": ">=16.8.0"
      }
    },
    "node_modules/@react-pdf-viewer/page-navigation": {
      "version": "3.6.0",
      "resolved": "https://registry.npmjs.org/@react-pdf-viewer/page-navigation/-/page-navigation-3.6.0.tgz",
      "integrity": "sha512-YAfJ3Q6jEZ2ZtXwsdPSeCddrMvdtIG1bZidhujz47LRgZyr9ZmFVd5/D9aGm12sY5F/XB6V71SOnkww0aEOTqw==",
      "dependencies": {
        "@react-pdf-viewer/core": "3.6.0"
      },
      "peerDependencies": {
        "react": ">=16.8.0",
        "react-dom": ">=16.8.0"
      }
    },
    "node_modules/@react-pdf-viewer/print": {
      "version": "3.6.0",
      "resolved": "https://registry.npmjs.org/@react-pdf-viewer/print/-/print-3.6.0.tgz",
      "integrity": "sha512-bQSf+qsl1OZlB6Ft1ES5xjqTirIbF1m0pZD5KLRuxAAjqMyeTBZOLC3mpgRXg2nGJ0X3BcrDrurNIkXO/CE2SQ==",
      "dependencies": {
        "@react-pdf-viewer/core": "3.6.0"
      },
      "peerDependencies": {
        "react": ">=16.8.0",
        "react-dom": ">=16.8.0"
      }
    },
    "node_modules/@react-pdf-viewer/properties": {
      "version": "3.6.0",
      "resolved": "https://registry.npmjs.org/@react-pdf-viewer/properties/-/properties-3.6.0.tgz",
      "integrity": "sha512-J0tQxYK3ql3dXgjtiqOH1gU3ajUMWE5O6BNxFqE0zvE7BsnDZH6wfCVi8okkbivp0oEKC4TjSxF+KkHa9HZlPw==",
      "dependencies": {
        "@react-pdf-viewer/core": "3.6.0"
      },
      "peerDependencies": {
        "react": ">=16.8.0",
        "react-dom": ">=16.8.0"
      }
    },
    "node_modules/@react-pdf-viewer/rotate": {
      "version": "3.6.0",
      "resolved": "https://registry.npmjs.org/@react-pdf-viewer/rotate/-/rotate-3.6.0.tgz",
      "integrity": "sha512-E1LZhWdj5dGwwZ3VreC32eT0VesniOTp1zDeZVX3Tom8XXxc9+A5/H/+DTY0/v1wimR5afB2aqCtQIjcQVupeQ==",
      "dependencies": {
        "@react-pdf-viewer/core": "3.6.0"
      },
      "peerDependencies": {
        "react": ">=16.8.0",
        "react-dom": ">=16.8.0"
      }
    },
    "node_modules/@react-pdf-viewer/scroll-mode": {
      "version": "3.6.0",
      "resolved": "https://registry.npmjs.org/@react-pdf-viewer/scroll-mode/-/scroll-mode-3.6.0.tgz",
      "integrity": "sha512-KBIdCZsJxbtOAlSOgw1IpGdS5txboHXPheRnjWtjNpOCWAhkYwKV4YNRAdTATPxb+zcOrkWmiU4sHgj9m4kQLw==",
      "dependencies": {
        "@react-pdf-viewer/core": "3.6.0"
      },
      "peerDependencies": {
        "react": ">=16.8.0",
        "react-dom": ">=16.8.0"
      }
    },
    "node_modules/@react-pdf-viewer/search": {
      "version": "3.6.0",
      "resolved": "https://registry.npmjs.org/@react-pdf-viewer/search/-/search-3.6.0.tgz",
      "integrity": "sha512-VxqUfws400C2FwaOzKTvgZgI8bhQ0Hx4aL/Ada42WbUmnySm+SGSM+l7Snj3q5pbYd3svcyz9xTlVrJDfXQ4IQ==",
      "dependencies": {
        "@react-pdf-viewer/core": "3.6.0"
      },
      "peerDependencies": {
        "react": ">=16.8.0",
        "react-dom": ">=16.8.0"
      }
    },
    "node_modules/@react-pdf-viewer/selection-mode": {
      "version": "3.6.0",
      "resolved": "https://registry.npmjs.org/@react-pdf-viewer/selection-mode/-/selection-mode-3.6.0.tgz",
      "integrity": "sha512-To8Sev/30eQMDzVofPfwWXoEUfWUizqD7O67VCG+oaP6yc640y/MX4nVsP9kg+u2Git3CFSolaHgEWg/sOY60A==",
      "dependencies": {
        "@react-pdf-viewer/core": "3.6.0"
      },
      "peerDependencies": {
        "react": ">=16.8.0",
        "react-dom": ">=16.8.0"
      }
    },
    "node_modules/@react-pdf-viewer/theme": {
      "version": "3.6.0",
      "resolved": "https://registry.npmjs.org/@react-pdf-viewer/theme/-/theme-3.6.0.tgz",
      "integrity": "sha512-IfLLKvKeuIK0dqL9YcSjSsopvhYKBEQLoDHc1lZ/XZGXANbqExFwOCeklPx40HwgUm8LL/arJNoLrbrGrGMCCA==",
      "dependencies": {
        "@react-pdf-viewer/core": "3.6.0"
      },
      "peerDependencies": {
        "react": ">=16.8.0",
        "react-dom": ">=16.8.0"
      }
    },
    "node_modules/@react-pdf-viewer/thumbnail": {
      "version": "3.6.0",
      "resolved": "https://registry.npmjs.org/@react-pdf-viewer/thumbnail/-/thumbnail-3.6.0.tgz",
      "integrity": "sha512-fd0SERR9yPfWN5cpnhiJ3qp9KG7hR1FJkJ8S5KgDbl3AObn1tOM9Kw8m4Qw8Od5GIrsxxhdTUdw4esup5n2RBg==",
      "dependencies": {
        "@react-pdf-viewer/core": "3.6.0"
      },
      "peerDependencies": {
        "react": ">=16.8.0",
        "react-dom": ">=16.8.0"
      }
    },
    "node_modules/@react-pdf-viewer/toolbar": {
      "version": "3.6.0",
      "resolved": "https://registry.npmjs.org/@react-pdf-viewer/toolbar/-/toolbar-3.6.0.tgz",
      "integrity": "sha512-Efz8hNsmes7A2kHVBZkXsWwrYsjybUDOf+Y69LRWilpNij4D/jtVdysQ0uSoeZYYT4P0OfNnxB5ZcdHZCn6PXg==",
      "dependencies": {
        "@react-pdf-viewer/core": "3.6.0",
        "@react-pdf-viewer/full-screen": "3.6.0",
        "@react-pdf-viewer/get-file": "3.6.0",
        "@react-pdf-viewer/open": "3.6.0",
        "@react-pdf-viewer/page-navigation": "3.6.0",
        "@react-pdf-viewer/print": "3.6.0",
        "@react-pdf-viewer/properties": "3.6.0",
        "@react-pdf-viewer/rotate": "3.6.0",
        "@react-pdf-viewer/scroll-mode": "3.6.0",
        "@react-pdf-viewer/search": "3.6.0",
        "@react-pdf-viewer/selection-mode": "3.6.0",
        "@react-pdf-viewer/theme": "3.6.0",
        "@react-pdf-viewer/zoom": "3.6.0"
      },
      "peerDependencies": {
        "react": ">=16.8.0",
        "react-dom": ">=16.8.0"
      }
    },
    "node_modules/@react-pdf-viewer/zoom": {
      "version": "3.6.0",
      "resolved": "https://registry.npmjs.org/@react-pdf-viewer/zoom/-/zoom-3.6.0.tgz",
      "integrity": "sha512-EEmYtC07UVK1c8wLyL1fH4PszCsi8r0smPtuuiKN0AMR40ac4GcjiqxmJppgP7HOLexCk38lgg+SpIDGuLCV4Q==",
      "dependencies": {
        "@react-pdf-viewer/core": "3.6.0"
      },
      "peerDependencies": {
        "react": ">=16.8.0",
        "react-dom": ">=16.8.0"
      }
    },
    "node_modules/ansi-regex": {
      "version": "5.0.1",
      "resolved": "https://registry.npmjs.org/ansi-regex/-/ansi-regex-5.0.1.tgz",
      "integrity": "sha512-quJQXlTSUGL2LH9SUXo8VwsY4soanhgo6LNSm84E1LBcE8s3O0wpdiRzyR9z/ZZJMlMWv37qOOb9pdJlMUEKFQ==",
      "engines": {
        "node": ">=8"
      }
    },
    "node_modules/ansi-styles": {
      "version": "4.3.0",
      "resolved": "https://registry.npmjs.org/ansi-styles/-/ansi-styles-4.3.0.tgz",
      "integrity": "sha512-zbB9rCJAT1rbjiVDb2hqKFHNYLxgtk8NURxZ3IZwD3F6NtxbXZQCnnSi1Lkx+IDohdPlFp222wVALIheZJQSEg==",
      "dependencies": {
        "color-convert": "^2.0.1"
      },
      "engines": {
        "node": ">=8"
      }
    },
    "node_modules/chalk": {
      "version": "4.1.2",
      "resolved": "https://registry.npmjs.org/chalk/-/chalk-4.1.2.tgz",
      "integrity": "sha512-oKnbhFyRIXpUuez8iBMmyEa4nbj4IOQyuhc/wy9kY7/WVPcwIO9VA668Pu8RkO7+0G76SLROeyw9CpQ061i4mA==",
      "dependencies": {
        "ansi-styles": "^4.1.0",
        "supports-color": "^7.1.0"
      },
      "engines": {
        "node": ">=10"
      }
    },
    "node_modules/chalk/node_modules/supports-color": {
      "version": "7.2.0",
      "resolved": "https://registry.npmjs.org/supports-color/-/supports-color-7.2.0.tgz",
      "integrity": "sha512-qpCAvRl9stuOHveKsn7HncJRvv501qIacKzQlO/+Lwxc9+0q2wLyv4Dfvt80/DPn2pqOBsJdDiogXGR9+OvwRw==",
      "dependencies": {
        "has-flag": "^4.0.0"
      },
      "engines": {
        "node": ">=8"
      }
    },
    "node_modules/cliui": {
      "version": "7.0.4",
      "resolved": "https://registry.npmjs.org/cliui/-/cliui-7.0.4.tgz",
      "integrity": "sha512-OcRE68cOsVMXp1Yvonl/fzkQOyjLSu/8bhPDfQt0e0/Eb283TKP20Fs2MqoPsr9SwA595rRCA+QMzYc9nBP+JQ==",
      "dependencies": {
        "string-width": "^4.2.0",
        "strip-ansi": "^6.0.0",
        "wrap-ansi": "^7.0.0"
      }
    },
    "node_modules/color-convert": {
      "version": "2.0.1",
      "resolved": "https://registry.npmjs.org/color-convert/-/color-convert-2.0.1.tgz",
      "integrity": "sha512-RRECPsj7iu/xb5oKYcsFHSppFNnsj/52OVTRKb4zP5onXwVF3zVmmToNcOfGC+CRDpfK/U584fMg38ZHCaElKQ==",
      "dependencies": {
        "color-name": "~1.1.4"
      },
      "engines": {
        "node": ">=7.0.0"
      }
    },
    "node_modules/color-name": {
      "version": "1.1.4",
      "resolved": "https://registry.npmjs.org/color-name/-/color-name-1.1.4.tgz",
      "integrity": "sha512-dOy+3AuW3a2wNbZHIuMZpTcgjGuLU/uBL/ubcZF9OXbDo8ff4O8yVp5Bf0efS8uEoYo5q4Fx7dY9OgQGXgAsQA=="
    },
    "node_modules/concurrently": {
      "version": "7.3.0",
      "resolved": "https://registry.npmjs.org/concurrently/-/concurrently-7.3.0.tgz",
      "integrity": "sha512-IiDwm+8DOcFEInca494A8V402tNTQlJaYq78RF2rijOrKEk/AOHTxhN4U1cp7GYKYX5Q6Ymh1dLTBlzIMN0ikA==",
      "dependencies": {
        "chalk": "^4.1.0",
        "date-fns": "^2.16.1",
        "lodash": "^4.17.21",
        "rxjs": "^7.0.0",
        "shell-quote": "^1.7.3",
        "spawn-command": "^0.0.2-1",
        "supports-color": "^8.1.0",
        "tree-kill": "^1.2.2",
        "yargs": "^17.3.1"
      },
      "bin": {
        "concurrently": "dist/bin/concurrently.js"
      },
      "engines": {
        "node": "^12.20.0 || ^14.13.0 || >=16.0.0"
      }
    },
    "node_modules/date-fns": {
      "version": "2.29.1",
      "resolved": "https://registry.npmjs.org/date-fns/-/date-fns-2.29.1.tgz",
      "integrity": "sha512-dlLD5rKaKxpFdnjrs+5azHDFOPEu4ANy/LTh04A1DTzMM7qoajmKCBc8pkKRFT41CNzw+4gQh79X5C+Jq27HAw==",
      "engines": {
        "node": ">=0.11"
      },
      "funding": {
        "type": "opencollective",
        "url": "https://opencollective.com/date-fns"
      }
    },
    "node_modules/dommatrix": {
      "version": "1.0.3",
      "resolved": "https://registry.npmjs.org/dommatrix/-/dommatrix-1.0.3.tgz",
      "integrity": "sha512-l32Xp/TLgWb8ReqbVJAFIvXmY7go4nTxxlWiAFyhoQw9RKEOHBZNnyGvJWqDVSPmq3Y9HlM4npqF/T6VMOXhww==",
      "peer": true
    },
    "node_modules/emoji-regex": {
      "version": "8.0.0",
      "resolved": "https://registry.npmjs.org/emoji-regex/-/emoji-regex-8.0.0.tgz",
      "integrity": "sha512-MSjYzcWNOA0ewAHpz0MxpYFvwg6yjy1NG3xteoqz644VCo/RPgnr1/GGt+ic3iJTzQ8Eu3TdM14SawnVUmGE6A=="
    },
    "node_modules/escalade": {
      "version": "3.1.1",
      "resolved": "https://registry.npmjs.org/escalade/-/escalade-3.1.1.tgz",
      "integrity": "sha512-k0er2gUkLf8O0zKJiAhmkTnJlTvINGv7ygDNPbeIsX/TJjGJZHuh9B2UxbsaEkmlEo9MfhrSzmhIlhRlI2GXnw==",
      "engines": {
        "node": ">=6"
      }
    },
    "node_modules/get-caller-file": {
      "version": "2.0.5",
      "resolved": "https://registry.npmjs.org/get-caller-file/-/get-caller-file-2.0.5.tgz",
      "integrity": "sha512-DyFP3BM/3YHTQOCUL/w0OZHR0lpKeGrxotcHWcqNEdnltqFwXVfhEBQ94eIo34AfQpo0rGki4cyIiftY06h2Fg==",
      "engines": {
        "node": "6.* || 8.* || >= 10.*"
      }
    },
    "node_modules/has-flag": {
      "version": "4.0.0",
      "resolved": "https://registry.npmjs.org/has-flag/-/has-flag-4.0.0.tgz",
      "integrity": "sha512-EykJT/Q1KjTWctppgIAgfSO0tKVuZUjhgMr17kqTumMl6Afv3EISleU7qZUzoXDFTAHTDC4NOoG/ZxU3EvlMPQ==",
      "engines": {
        "node": ">=8"
      }
    },
    "node_modules/is-fullwidth-code-point": {
      "version": "3.0.0",
      "resolved": "https://registry.npmjs.org/is-fullwidth-code-point/-/is-fullwidth-code-point-3.0.0.tgz",
      "integrity": "sha512-zymm5+u+sCsSWyD9qNaejV3DFvhCKclKdizYaJUuHA83RLjb7nSuGnddCHGv0hk+KY7BMAlsWeK4Ueg6EV6XQg==",
      "engines": {
        "node": ">=8"
      }
    },
    "node_modules/js-tokens": {
      "version": "4.0.0",
      "resolved": "https://registry.npmjs.org/js-tokens/-/js-tokens-4.0.0.tgz",
      "integrity": "sha512-RdJUflcE3cUzKiMqQgsCu06FPu9UdIJO0beYbPhHN4k6apgJtifcoCtT9bcxOpYBtpD2kCM6Sbzg4CausW/PKQ==",
      "peer": true
    },
    "node_modules/lodash": {
      "version": "4.17.21",
      "resolved": "https://registry.npmjs.org/lodash/-/lodash-4.17.21.tgz",
      "integrity": "sha512-v2kDEe57lecTulaDIuNTPy3Ry4gLGJ6Z1O3vE1krgXZNrsQ+LFTGHVxVjcXPs17LhbZVGedAJv8XZ1tvj5FvSg=="
    },
    "node_modules/loose-envify": {
      "version": "1.4.0",
      "resolved": "https://registry.npmjs.org/loose-envify/-/loose-envify-1.4.0.tgz",
      "integrity": "sha512-lyuxPGr/Wfhrlem2CL/UcnUc1zcqKAImBDzukY7Y5F/yQiNdko6+fRLevlw1HgMySw7f611UIY408EtxRSoK3Q==",
      "peer": true,
      "dependencies": {
        "js-tokens": "^3.0.0 || ^4.0.0"
      },
      "bin": {
        "loose-envify": "cli.js"
      }
    },
    "node_modules/pdfjs-dist": {
      "version": "2.15.349",
      "resolved": "https://registry.npmjs.org/pdfjs-dist/-/pdfjs-dist-2.15.349.tgz",
      "integrity": "sha512-EeCfqj6xi4/aegKNS7Bs+TCg3Y5gmKmG0s/5xXI0PqWW66x+Nm7iFXBpVcup7HnR8sNDm+5NESfFr8T6DeWp9Q==",
      "peer": true,
      "dependencies": {
        "dommatrix": "^1.0.3",
        "web-streams-polyfill": "^3.2.1"
      },
      "peerDependencies": {
        "worker-loader": "^3.0.8"
      },
      "peerDependenciesMeta": {
        "worker-loader": {
          "optional": true
        }
      }
    },
    "node_modules/react": {
      "version": "18.2.0",
      "resolved": "https://registry.npmjs.org/react/-/react-18.2.0.tgz",
      "integrity": "sha512-/3IjMdb2L9QbBdWiW5e3P2/npwMBaU9mHCSCUzNln0ZCYbcfTsGbTJrU/kGemdH2IWmB2ioZ+zkxtmq6g09fGQ==",
      "peer": true,
      "dependencies": {
        "loose-envify": "^1.1.0"
      },
      "engines": {
        "node": ">=0.10.0"
      }
    },
    "node_modules/react-circular-progressbar": {
      "version": "2.1.0",
      "resolved": "https://registry.npmjs.org/react-circular-progressbar/-/react-circular-progressbar-2.1.0.tgz",
      "integrity": "sha512-xp4THTrod4aLpGy68FX/k1Q3nzrfHUjUe5v6FsdwXBl3YVMwgeXYQKDrku7n/D6qsJA9CuunarAboC2xCiKs1g==",
      "peerDependencies": {
        "react": "^0.14.0 || ^15.0.0 || ^16.0.0 || ^17.0.0 || ^18.0.0"
      }
    },
    "node_modules/react-dom": {
      "version": "18.2.0",
      "resolved": "https://registry.npmjs.org/react-dom/-/react-dom-18.2.0.tgz",
      "integrity": "sha512-6IMTriUmvsjHUjNtEDudZfuDQUoWXVxKHhlEGSk81n4YFS+r/Kl99wXiwlVXtPBtJenozv2P+hxDsw9eA7Xo6g==",
      "peer": true,
      "dependencies": {
        "loose-envify": "^1.1.0",
        "scheduler": "^0.23.0"
      },
      "peerDependencies": {
        "react": "^18.2.0"
      }
    },
    "node_modules/require-directory": {
      "version": "2.1.1",
      "resolved": "https://registry.npmjs.org/require-directory/-/require-directory-2.1.1.tgz",
      "integrity": "sha512-fGxEI7+wsG9xrvdjsrlmL22OMTTiHRwAMroiEeMgq8gzoLC/PQr7RsRDSTLUg/bZAZtF+TVIkHc6/4RIKrui+Q==",
      "engines": {
        "node": ">=0.10.0"
      }
    },
    "node_modules/rxjs": {
      "version": "7.5.6",
      "resolved": "https://registry.npmjs.org/rxjs/-/rxjs-7.5.6.tgz",
      "integrity": "sha512-dnyv2/YsXhnm461G+R/Pe5bWP41Nm6LBXEYWI6eiFP4fiwx6WRI/CD0zbdVAudd9xwLEF2IDcKXLHit0FYjUzw==",
      "dependencies": {
        "tslib": "^2.1.0"
      }
    },
    "node_modules/scheduler": {
      "version": "0.23.0",
      "resolved": "https://registry.npmjs.org/scheduler/-/scheduler-0.23.0.tgz",
      "integrity": "sha512-CtuThmgHNg7zIZWAXi3AsyIzA3n4xx7aNyjwC2VJldO2LMVDhFK+63xGqq6CsJH4rTAt6/M+N4GhZiDYPx9eUw==",
      "peer": true,
      "dependencies": {
        "loose-envify": "^1.1.0"
      }
    },
    "node_modules/shell-quote": {
      "version": "1.7.3",
      "resolved": "https://registry.npmjs.org/shell-quote/-/shell-quote-1.7.3.tgz",
      "integrity": "sha512-Vpfqwm4EnqGdlsBFNmHhxhElJYrdfcxPThu+ryKS5J8L/fhAwLazFZtq+S+TWZ9ANj2piSQLGj6NQg+lKPmxrw=="
    },
    "node_modules/spawn-command": {
      "version": "0.0.2-1",
      "resolved": "https://registry.npmjs.org/spawn-command/-/spawn-command-0.0.2-1.tgz",
      "integrity": "sha512-n98l9E2RMSJ9ON1AKisHzz7V42VDiBQGY6PB1BwRglz99wpVsSuGzQ+jOi6lFXBGVTCrRpltvjm+/XA+tpeJrg=="
    },
    "node_modules/string-width": {
      "version": "4.2.3",
      "resolved": "https://registry.npmjs.org/string-width/-/string-width-4.2.3.tgz",
      "integrity": "sha512-wKyQRQpjJ0sIp62ErSZdGsjMJWsap5oRNihHhu6G7JVO/9jIB6UyevL+tXuOqrng8j/cxKTWyWUwvSTriiZz/g==",
      "dependencies": {
        "emoji-regex": "^8.0.0",
        "is-fullwidth-code-point": "^3.0.0",
        "strip-ansi": "^6.0.1"
      },
      "engines": {
        "node": ">=8"
      }
    },
    "node_modules/strip-ansi": {
      "version": "6.0.1",
      "resolved": "https://registry.npmjs.org/strip-ansi/-/strip-ansi-6.0.1.tgz",
      "integrity": "sha512-Y38VPSHcqkFrCpFnQ9vuSXmquuv5oXOKpGeT6aGrr3o3Gc9AlVa6JBfUSOCnbxGGZF+/0ooI7KrPuUSztUdU5A==",
      "dependencies": {
        "ansi-regex": "^5.0.1"
      },
      "engines": {
        "node": ">=8"
      }
    },
    "node_modules/supports-color": {
      "version": "8.1.1",
      "resolved": "https://registry.npmjs.org/supports-color/-/supports-color-8.1.1.tgz",
      "integrity": "sha512-MpUEN2OodtUzxvKQl72cUF7RQ5EiHsGvSsVG0ia9c5RbWGL2CI4C7EpPS8UTBIplnlzZiNuV56w+FuNxy3ty2Q==",
      "dependencies": {
        "has-flag": "^4.0.0"
      },
      "engines": {
        "node": ">=10"
      }
     
    },
    "node_modules/tree-kill": {
      "version": "1.2.2",
      "resolved": "https://registry.npmjs.org/tree-kill/-/tree-kill-1.2.2.tgz",
      "integrity": "sha512-L0Orpi8qGpRG//Nd+H90vFB+3iHnue1zSSGmNOOCh1GLJ7rUKVwV2HvijphGQS2UmhUZewS9VgvxYIdgr+fG1A==",
      "bin": {
        "tree-kill": "cli.js"
      }
    },
    "node_modules/tslib": {
      "version": "2.4.0",
      "resolved": "https://registry.npmjs.org/tslib/-/tslib-2.4.0.tgz",
      "integrity": "sha512-d6xOpEDfsi2CZVlPQzGeux8XMwLT9hssAsaPYExaQMuYskwb+x1x7J371tWlbBdWHroy99KnVB6qIkUbs5X3UQ=="
    },
    "node_modules/web-streams-polyfill": {
      "version": "3.2.1",
      "resolved": "https://registry.npmjs.org/web-streams-polyfill/-/web-streams-polyfill-3.2.1.tgz",
      "integrity": "sha512-e0MO3wdXWKrLbL0DgGnUV7WHVuw9OUvL4hjgnPkIeEvESk74gAITi5G606JtZPp39cd8HA9VQzCIvA49LpPN5Q==",
      "peer": true,
      "engines": {
        "node": ">= 8"
      }
    },
    "node_modules/wrap-ansi": {
      "version": "7.0.0",
      "resolved": "https://registry.npmjs.org/wrap-ansi/-/wrap-ansi-7.0.0.tgz",
      "integrity": "sha512-YVGIj2kamLSTxw6NsZjoBxfSwsn0ycdesmc4p+Q21c5zPuZ1pl+NfxVdxPtdHvmNVOQ6XSYG4AUtyt/Fi7D16Q==",
      "dependencies": {
        "ansi-styles": "^4.0.0",
        "string-width": "^4.1.0",
        "strip-ansi": "^6.0.0"
      },
      "engines": {
        "node": ">=10"
      }
    },
    "node_modules/y18n": {
      "version": "5.0.8",
      "resolved": "https://registry.npmjs.org/y18n/-/y18n-5.0.8.tgz",
      "integrity": "sha512-0pfFzegeDWJHJIAmTLRP2DwHjdF5s7jo9tuztdQxAhINCdvS+3nGINqPd00AphqJR/0LhANUS6/+7SCb98YOfA==",
      "engines": {
        "node": ">=10"
      }
    },
    "node_modules/yargs": {
      "version": "17.5.1",
      "resolved": "https://registry.npmjs.org/yargs/-/yargs-17.5.1.tgz",
      "integrity": "sha512-t6YAJcxDkNX7NFYiVtKvWUz8l+PaKTLiL63mJYWR2GnHq2gjEWISzsLp9wg3aY36dY1j+gfIEL3pIF+XlJJfbA==",
      "dependencies": {
        "cliui": "^7.0.2",
        "escalade": "^3.1.1",
        "get-caller-file": "^2.0.5",
        "require-directory": "^2.1.1",
        "string-width": "^4.2.3",
        "y18n": "^5.0.5",
        "yargs-parser": "^21.0.0"
      },
      "engines": {
        "node": ">=12"
      }
    },
    "node_modules/yargs-parser": {
      "version": "21.0.1",
      "resolved": "https://registry.npmjs.org/yargs-parser/-/yargs-parser-21.0.1.tgz",
      "integrity": "sha512-9BK1jFpLzJROCI5TzwZL/TU4gqjK5xiHV/RfWLOahrjAko/e4DJkRDZQXfvqAsiZzzYhgAzbgz6lg48jcm4GLg==",
      "engines": {
        "node": ">=12"
      }
    }
  },
  "dependencies": {
    "@react-pdf-viewer/attachment": {
      "version": "3.6.0",
      "resolved": "https://registry.npmjs.org/@react-pdf-viewer/attachment/-/attachment-3.6.0.tgz",
      "integrity": "sha512-etxzIQsssuUE0TYVScHDuL+AArQp3YbDTowGbpdCv8JqJFYzuGFV9+3uyvJ8QlGcPChhhr2CjHrbCTF2F2bw5w==",
      "requires": {
        "@react-pdf-viewer/core": "3.6.0"
      }
    },
    "@react-pdf-viewer/bookmark": {
      "version": "3.6.0",
      "resolved": "https://registry.npmjs.org/@react-pdf-viewer/bookmark/-/bookmark-3.6.0.tgz",
      "integrity": "sha512-HaAQjaDrzE6Lbt89f0B1Z+jst3moSG3pqok7aGO4PmclxH4mtbBGK+zyXpWdF5+8feEnAa7QP3nWod5uAhJUQw==",
      "requires": {
        "@react-pdf-viewer/core": "3.6.0"
      }
    },
    "@react-pdf-viewer/core": {
      "version": "3.6.0",
      "resolved": "https://registry.npmjs.org/@react-pdf-viewer/core/-/core-3.6.0.tgz",
      "integrity": "sha512-5tDBF+BafVLNULIJf1cej7nBegNrbYtdvoBKtRs9mLo3sGENIyeZuDsP4W+5mSKK84oxO3NY5MzkTkmnuu4R9g==",
      "requires": {}
    },
    "@react-pdf-viewer/default-layout": {
      "version": "3.6.0",
      "resolved": "https://registry.npmjs.org/@react-pdf-viewer/default-layout/-/default-layout-3.6.0.tgz",
      "integrity": "sha512-68DjK+FB5+zyK5FKFYmIEcplq64Jejb3Y7tAVa9U/tEsoRnZt7C2mKW2e1IAEDZc+1ncdIboZvlFfRCSEDiG5A==",
      "requires": {
        "@react-pdf-viewer/attachment": "3.6.0",
        "@react-pdf-viewer/bookmark": "3.6.0",
        "@react-pdf-viewer/core": "3.6.0",
        "@react-pdf-viewer/thumbnail": "3.6.0",
        "@react-pdf-viewer/toolbar": "3.6.0"
      }
    },
    "@react-pdf-viewer/full-screen": {
      "version": "3.6.0",
      "resolved": "https://registry.npmjs.org/@react-pdf-viewer/full-screen/-/full-screen-3.6.0.tgz",
      "integrity": "sha512-SG5mpE/AZr6DtwP7soGFqfGoU5wbQvaBc2KTz+upqhgmUIEyE8AwGa+ozCgkGEqTvlJ4dP7D5Kku2BFsC6l3Cg==",
      "requires": {
        "@react-pdf-viewer/core": "3.6.0"
      }
    },
    "@react-pdf-viewer/get-file": {
      "version": "3.6.0",
      "resolved": "https://registry.npmjs.org/@react-pdf-viewer/get-file/-/get-file-3.6.0.tgz",
      "integrity": "sha512-cfMrig0Iu49yTePZSWwnyUMqu2F1pynP59snhTRoOg7RbpcAcppnDcYvVjThsE80wq1ltgMnufaVSsVoSbqIrQ==",
      "requires": {
        "@react-pdf-viewer/core": "3.6.0"
      }
    },
    "@react-pdf-viewer/open": {
      "version": "3.6.0",
      "resolved": "https://registry.npmjs.org/@react-pdf-viewer/open/-/open-3.6.0.tgz",
      "integrity": "sha512-l/fBEj/7KjYH/mLMukos0nYypIuhovq2dO3TkQBHzQPdwtBdUTr049+AiSZnMDx1CIpr8Oz3FjB5FSw+LZuUog==",
      "requires": {
        "@react-pdf-viewer/core": "3.6.0"
      }
    },
    "@react-pdf-viewer/page-navigation": {
      "version": "3.6.0",
      "resolved": "https://registry.npmjs.org/@react-pdf-viewer/page-navigation/-/page-navigation-3.6.0.tgz",
      "integrity": "sha512-YAfJ3Q6jEZ2ZtXwsdPSeCddrMvdtIG1bZidhujz47LRgZyr9ZmFVd5/D9aGm12sY5F/XB6V71SOnkww0aEOTqw==",
      "requires": {
        "@react-pdf-viewer/core": "3.6.0"
      }
    },
    "@react-pdf-viewer/print": {
      "version": "3.6.0",
      "resolved": "https://registry.npmjs.org/@react-pdf-viewer/print/-/print-3.6.0.tgz",
      "integrity": "sha512-bQSf+qsl1OZlB6Ft1ES5xjqTirIbF1m0pZD5KLRuxAAjqMyeTBZOLC3mpgRXg2nGJ0X3BcrDrurNIkXO/CE2SQ==",
      "requires": {
        "@react-pdf-viewer/core": "3.6.0"
      }
    },
    "@react-pdf-viewer/properties": {
      "version": "3.6.0",
      "resolved": "https://registry.npmjs.org/@react-pdf-viewer/properties/-/properties-3.6.0.tgz",
      "integrity": "sha512-J0tQxYK3ql3dXgjtiqOH1gU3ajUMWE5O6BNxFqE0zvE7BsnDZH6wfCVi8okkbivp0oEKC4TjSxF+KkHa9HZlPw==",
      "requires": {
        "@react-pdf-viewer/core": "3.6.0"
      }
    },
    "@react-pdf-viewer/rotate": {
      "version": "3.6.0",
      "resolved": "https://registry.npmjs.org/@react-pdf-viewer/rotate/-/rotate-3.6.0.tgz",
      "integrity": "sha512-E1LZhWdj5dGwwZ3VreC32eT0VesniOTp1zDeZVX3Tom8XXxc9+A5/H/+DTY0/v1wimR5afB2aqCtQIjcQVupeQ==",
      "requires": {
        "@react-pdf-viewer/core": "3.6.0"
      }
    },
    "@react-pdf-viewer/scroll-mode": {
      "version": "3.6.0",
      "resolved": "https://registry.npmjs.org/@react-pdf-viewer/scroll-mode/-/scroll-mode-3.6.0.tgz",
      "integrity": "sha512-KBIdCZsJxbtOAlSOgw1IpGdS5txboHXPheRnjWtjNpOCWAhkYwKV4YNRAdTATPxb+zcOrkWmiU4sHgj9m4kQLw==",
      "requires": {
        "@react-pdf-viewer/core": "3.6.0"
      }
    },
    "@react-pdf-viewer/search": {
      "version": "3.6.0",
      "resolved": "https://registry.npmjs.org/@react-pdf-viewer/search/-/search-3.6.0.tgz",
      "integrity": "sha512-VxqUfws400C2FwaOzKTvgZgI8bhQ0Hx4aL/Ada42WbUmnySm+SGSM+l7Snj3q5pbYd3svcyz9xTlVrJDfXQ4IQ==",
      "requires": {
        "@react-pdf-viewer/core": "3.6.0"
      }
    },
    "@react-pdf-viewer/selection-mode": {
      "version": "3.6.0",
      "resolved": "https://registry.npmjs.org/@react-pdf-viewer/selection-mode/-/selection-mode-3.6.0.tgz",
      "integrity": "sha512-To8Sev/30eQMDzVofPfwWXoEUfWUizqD7O67VCG+oaP6yc640y/MX4nVsP9kg+u2Git3CFSolaHgEWg/sOY60A==",
      "requires": {
        "@react-pdf-viewer/core": "3.6.0"
      }
    },
    "@react-pdf-viewer/theme": {
      "version": "3.6.0",
      "resolved": "https://registry.npmjs.org/@react-pdf-viewer/theme/-/theme-3.6.0.tgz",
      "integrity": "sha512-IfLLKvKeuIK0dqL9YcSjSsopvhYKBEQLoDHc1lZ/XZGXANbqExFwOCeklPx40HwgUm8LL/arJNoLrbrGrGMCCA==",
      "requires": {
        "@react-pdf-viewer/core": "3.6.0"
      }
    },
    "@react-pdf-viewer/thumbnail": {
      "version": "3.6.0",
      "resolved": "https://registry.npmjs.org/@react-pdf-viewer/thumbnail/-/thumbnail-3.6.0.tgz",
      "integrity": "sha512-fd0SERR9yPfWN5cpnhiJ3qp9KG7hR1FJkJ8S5KgDbl3AObn1tOM9Kw8m4Qw8Od5GIrsxxhdTUdw4esup5n2RBg==",
      "requires": {
        "@react-pdf-viewer/core": "3.6.0"
      }
    },
    "@react-pdf-viewer/toolbar": {
      "version": "3.6.0",
      "resolved": "https://registry.npmjs.org/@react-pdf-viewer/toolbar/-/toolbar-3.6.0.tgz",
      "integrity": "sha512-Efz8hNsmes7A2kHVBZkXsWwrYsjybUDOf+Y69LRWilpNij4D/jtVdysQ0uSoeZYYT4P0OfNnxB5ZcdHZCn6PXg==",
      "requires": {
        "@react-pdf-viewer/core": "3.6.0",
        "@react-pdf-viewer/full-screen": "3.6.0",
        "@react-pdf-viewer/get-file": "3.6.0",
        "@react-pdf-viewer/open": "3.6.0",
        "@react-pdf-viewer/page-navigation": "3.6.0",
        "@react-pdf-viewer/print": "3.6.0",
        "@react-pdf-viewer/properties": "3.6.0",
        "@react-pdf-viewer/rotate": "3.6.0",
        "@react-pdf-viewer/scroll-mode": "3.6.0",
        "@react-pdf-viewer/search": "3.6.0",
        "@react-pdf-viewer/selection-mode": "3.6.0",
        "@react-pdf-viewer/theme": "3.6.0",
        "@react-pdf-viewer/zoom": "3.6.0"
      }
    },
    "@react-pdf-viewer/zoom": {
      "version": "3.6.0",
      "resolved": "https://registry.npmjs.org/@react-pdf-viewer/zoom/-/zoom-3.6.0.tgz",
      "integrity": "sha512-EEmYtC07UVK1c8wLyL1fH4PszCsi8r0smPtuuiKN0AMR40ac4GcjiqxmJppgP7HOLexCk38lgg+SpIDGuLCV4Q==",
      "requires": {
        "@react-pdf-viewer/core": "3.6.0"
      }
    },
    "ansi-regex": {
      "version": "5.0.1",
      "resolved": "https://registry.npmjs.org/ansi-regex/-/ansi-regex-5.0.1.tgz",
      "integrity": "sha512-quJQXlTSUGL2LH9SUXo8VwsY4soanhgo6LNSm84E1LBcE8s3O0wpdiRzyR9z/ZZJMlMWv37qOOb9pdJlMUEKFQ=="
    },
    "ansi-styles": {
      "version": "4.3.0",
      "resolved": "https://registry.npmjs.org/ansi-styles/-/ansi-styles-4.3.0.tgz",
      "integrity": "sha512-zbB9rCJAT1rbjiVDb2hqKFHNYLxgtk8NURxZ3IZwD3F6NtxbXZQCnnSi1Lkx+IDohdPlFp222wVALIheZJQSEg==",
      "requires": {
        "color-convert": "^2.0.1"
      }
    },
    "chalk": {
      "version": "4.1.2",
      "resolved": "https://registry.npmjs.org/chalk/-/chalk-4.1.2.tgz",
      "integrity": "sha512-oKnbhFyRIXpUuez8iBMmyEa4nbj4IOQyuhc/wy9kY7/WVPcwIO9VA668Pu8RkO7+0G76SLROeyw9CpQ061i4mA==",
      "requires": {
        "ansi-styles": "^4.1.0",
        "supports-color": "^7.1.0"
      },
      "dependencies": {
        "supports-color": {
          "version": "7.2.0",
          "resolved": "https://registry.npmjs.org/supports-color/-/supports-color-7.2.0.tgz",
          "integrity": "sha512-qpCAvRl9stuOHveKsn7HncJRvv501qIacKzQlO/+Lwxc9+0q2wLyv4Dfvt80/DPn2pqOBsJdDiogXGR9+OvwRw==",
          "requires": {
            "has-flag": "^4.0.0"
          }
        }
      }
    },
    "cliui": {
      "version": "7.0.4",
      "resolved": "https://registry.npmjs.org/cliui/-/cliui-7.0.4.tgz",
      "integrity": "sha512-OcRE68cOsVMXp1Yvonl/fzkQOyjLSu/8bhPDfQt0e0/Eb283TKP20Fs2MqoPsr9SwA595rRCA+QMzYc9nBP+JQ==",
      "requires": {
        "string-width": "^4.2.0",
        "strip-ansi": "^6.0.0",
        "wrap-ansi": "^7.0.0"
      }
    },
    "color-convert": {
      "version": "2.0.1",
      "resolved": "https://registry.npmjs.org/color-convert/-/color-convert-2.0.1.tgz",
      "integrity": "sha512-RRECPsj7iu/xb5oKYcsFHSppFNnsj/52OVTRKb4zP5onXwVF3zVmmToNcOfGC+CRDpfK/U584fMg38ZHCaElKQ==",
      "requires": {
        "color-name": "~1.1.4"
      }
    },
    "color-name": {
      "version": "1.1.4",
      "resolved": "https://registry.npmjs.org/color-name/-/color-name-1.1.4.tgz",
      "integrity": "sha512-dOy+3AuW3a2wNbZHIuMZpTcgjGuLU/uBL/ubcZF9OXbDo8ff4O8yVp5Bf0efS8uEoYo5q4Fx7dY9OgQGXgAsQA=="
    },
    "concurrently": {
      "version": "7.3.0",
      "resolved": "https://registry.npmjs.org/concurrently/-/concurrently-7.3.0.tgz",
      "integrity": "sha512-IiDwm+8DOcFEInca494A8V402tNTQlJaYq78RF2rijOrKEk/AOHTxhN4U1cp7GYKYX5Q6Ymh1dLTBlzIMN0ikA==",
      "requires": {
        "chalk": "^4.1.0",
        "date-fns": "^2.16.1",
        "lodash": "^4.17.21",
        "rxjs": "^7.0.0",
        "shell-quote": "^1.7.3",
        "spawn-command": "^0.0.2-1",
        "supports-color": "^8.1.0",
        "tree-kill": "^1.2.2",
        "yargs": "^17.3.1"
      }
    },
    "date-fns": {
      "version": "2.29.1",
      "resolved": "https://registry.npmjs.org/date-fns/-/date-fns-2.29.1.tgz",
      "integrity": "sha512-dlLD5rKaKxpFdnjrs+5azHDFOPEu4ANy/LTh04A1DTzMM7qoajmKCBc8pkKRFT41CNzw+4gQh79X5C+Jq27HAw=="
    },
    "dommatrix": {
      "version": "1.0.3",
      "resolved": "https://registry.npmjs.org/dommatrix/-/dommatrix-1.0.3.tgz",
      "integrity": "sha512-l32Xp/TLgWb8ReqbVJAFIvXmY7go4nTxxlWiAFyhoQw9RKEOHBZNnyGvJWqDVSPmq3Y9HlM4npqF/T6VMOXhww==",
      "peer": true
    },
    "emoji-regex": {
      "version": "8.0.0",
      "resolved": "https://registry.npmjs.org/emoji-regex/-/emoji-regex-8.0.0.tgz",
      "integrity": "sha512-MSjYzcWNOA0ewAHpz0MxpYFvwg6yjy1NG3xteoqz644VCo/RPgnr1/GGt+ic3iJTzQ8Eu3TdM14SawnVUmGE6A=="
    },
    "escalade": {
      "version": "3.1.1",
      "resolved": "https://registry.npmjs.org/escalade/-/escalade-3.1.1.tgz",
      "integrity": "sha512-k0er2gUkLf8O0zKJiAhmkTnJlTvINGv7ygDNPbeIsX/TJjGJZHuh9B2UxbsaEkmlEo9MfhrSzmhIlhRlI2GXnw=="
    },
    "get-caller-file": {
      "version": "2.0.5",
      "resolved": "https://registry.npmjs.org/get-caller-file/-/get-caller-file-2.0.5.tgz",
      "integrity": "sha512-DyFP3BM/3YHTQOCUL/w0OZHR0lpKeGrxotcHWcqNEdnltqFwXVfhEBQ94eIo34AfQpo0rGki4cyIiftY06h2Fg=="
    },
    "has-flag": {
      "version": "4.0.0",
      "resolved": "https://registry.npmjs.org/has-flag/-/has-flag-4.0.0.tgz",
      "integrity": "sha512-EykJT/Q1KjTWctppgIAgfSO0tKVuZUjhgMr17kqTumMl6Afv3EISleU7qZUzoXDFTAHTDC4NOoG/ZxU3EvlMPQ=="
    },
    "is-fullwidth-code-point": {
      "version": "3.0.0",
      "resolved": "https://registry.npmjs.org/is-fullwidth-code-point/-/is-fullwidth-code-point-3.0.0.tgz",
      "integrity": "sha512-zymm5+u+sCsSWyD9qNaejV3DFvhCKclKdizYaJUuHA83RLjb7nSuGnddCHGv0hk+KY7BMAlsWeK4Ueg6EV6XQg=="
    },
    "js-tokens": {
      "version": "4.0.0",
      "resolved": "https://registry.npmjs.org/js-tokens/-/js-tokens-4.0.0.tgz",
      "integrity": "sha512-RdJUflcE3cUzKiMqQgsCu06FPu9UdIJO0beYbPhHN4k6apgJtifcoCtT9bcxOpYBtpD2kCM6Sbzg4CausW/PKQ==",
      "peer": true
    },
    "lodash": {
      "version": "4.17.21",
      "resolved": "https://registry.npmjs.org/lodash/-/lodash-4.17.21.tgz",
      "integrity": "sha512-v2kDEe57lecTulaDIuNTPy3Ry4gLGJ6Z1O3vE1krgXZNrsQ+LFTGHVxVjcXPs17LhbZVGedAJv8XZ1tvj5FvSg=="
    },
    "loose-envify": {
      "version": "1.4.0",
      "resolved": "https://registry.npmjs.org/loose-envify/-/loose-envify-1.4.0.tgz",
      "integrity": "sha512-lyuxPGr/Wfhrlem2CL/UcnUc1zcqKAImBDzukY7Y5F/yQiNdko6+fRLevlw1HgMySw7f611UIY408EtxRSoK3Q==",
      "peer": true,
      "requires": {
        "js-tokens": "^3.0.0 || ^4.0.0"
      }
    },
    "pdfjs-dist": {
      "version": "2.15.349",
      "resolved": "https://registry.npmjs.org/pdfjs-dist/-/pdfjs-dist-2.15.349.tgz",
      "integrity": "sha512-EeCfqj6xi4/aegKNS7Bs+TCg3Y5gmKmG0s/5xXI0PqWW66x+Nm7iFXBpVcup7HnR8sNDm+5NESfFr8T6DeWp9Q==",
      "peer": true,
      "requires": {
        "dommatrix": "^1.0.3",
        "web-streams-polyfill": "^3.2.1"
      }
    },
    "react": {
      "version": "18.2.0",
      "resolved": "https://registry.npmjs.org/react/-/react-18.2.0.tgz",
      "integrity": "sha512-/3IjMdb2L9QbBdWiW5e3P2/npwMBaU9mHCSCUzNln0ZCYbcfTsGbTJrU/kGemdH2IWmB2ioZ+zkxtmq6g09fGQ==",
      "peer": true,
      "requires": {
        "loose-envify": "^1.1.0"
      }
    },
    "react-circular-progressbar": {
      "version": "2.1.0",
      "resolved": "https://registry.npmjs.org/react-circular-progressbar/-/react-circular-progressbar-2.1.0.tgz",
      "integrity": "sha512-xp4THTrod4aLpGy68FX/k1Q3nzrfHUjUe5v6FsdwXBl3YVMwgeXYQKDrku7n/D6qsJA9CuunarAboC2xCiKs1g==",
      "requires": {}
    },
    "react-dom": {
      "version": "18.2.0",
      "resolved": "https://registry.npmjs.org/react-dom/-/react-dom-18.2.0.tgz",
      "integrity": "sha512-6IMTriUmvsjHUjNtEDudZfuDQUoWXVxKHhlEGSk81n4YFS+r/Kl99wXiwlVXtPBtJenozv2P+hxDsw9eA7Xo6g==",
      "peer": true,
      "requires": {
        "loose-envify": "^1.1.0",
        "scheduler": "^0.23.0"
      }
    },
    "require-directory": {
      "version": "2.1.1",
      "resolved": "https://registry.npmjs.org/require-directory/-/require-directory-2.1.1.tgz",
      "integrity": "sha512-fGxEI7+wsG9xrvdjsrlmL22OMTTiHRwAMroiEeMgq8gzoLC/PQr7RsRDSTLUg/bZAZtF+TVIkHc6/4RIKrui+Q=="
    },
    "rxjs": {
      "version": "7.5.6",
      "resolved": "https://registry.npmjs.org/rxjs/-/rxjs-7.5.6.tgz",
      "integrity": "sha512-dnyv2/YsXhnm461G+R/Pe5bWP41Nm6LBXEYWI6eiFP4fiwx6WRI/CD0zbdVAudd9xwLEF2IDcKXLHit0FYjUzw==",
      "requires": {
        "tslib": "^2.1.0"
      }
    },
    "scheduler": {
      "version": "0.23.0",
      "resolved": "https://registry.npmjs.org/scheduler/-/scheduler-0.23.0.tgz",
      "integrity": "sha512-CtuThmgHNg7zIZWAXi3AsyIzA3n4xx7aNyjwC2VJldO2LMVDhFK+63xGqq6CsJH4rTAt6/M+N4GhZiDYPx9eUw==",
      "peer": true,
      "requires": {
        "loose-envify": "^1.1.0"
      }
    },
    "shell-quote": {
      "version": "1.7.3",
      "resolved": "https://registry.npmjs.org/shell-quote/-/shell-quote-1.7.3.tgz",
      "integrity": "sha512-Vpfqwm4EnqGdlsBFNmHhxhElJYrdfcxPThu+ryKS5J8L/fhAwLazFZtq+S+TWZ9ANj2piSQLGj6NQg+lKPmxrw=="
    },
    "spawn-command": {
      "version": "0.0.2-1",
      "resolved": "https://registry.npmjs.org/spawn-command/-/spawn-command-0.0.2-1.tgz",
      "integrity": "sha512-n98l9E2RMSJ9ON1AKisHzz7V42VDiBQGY6PB1BwRglz99wpVsSuGzQ+jOi6lFXBGVTCrRpltvjm+/XA+tpeJrg=="
    },
    "string-width": {
      "version": "4.2.3",
      "resolved": "https://registry.npmjs.org/string-width/-/string-width-4.2.3.tgz",
      "integrity": "sha512-wKyQRQpjJ0sIp62ErSZdGsjMJWsap5oRNihHhu6G7JVO/9jIB6UyevL+tXuOqrng8j/cxKTWyWUwvSTriiZz/g==",
      "requires": {
        "emoji-regex": "^8.0.0",
        "is-fullwidth-code-point": "^3.0.0",
        "strip-ansi": "^6.0.1"
      }
    },
    "strip-ansi": {
      "version": "6.0.1",
      "resolved": "https://registry.npmjs.org/strip-ansi/-/strip-ansi-6.0.1.tgz",
      "integrity": "sha512-Y38VPSHcqkFrCpFnQ9vuSXmquuv5oXOKpGeT6aGrr3o3Gc9AlVa6JBfUSOCnbxGGZF+/0ooI7KrPuUSztUdU5A==",
      "requires": {
        "ansi-regex": "^5.0.1"
      }
    },
    "supports-color": {
      "version": "8.1.1",
      "resolved": "https://registry.npmjs.org/supports-color/-/supports-color-8.1.1.tgz",
      "integrity": "sha512-MpUEN2OodtUzxvKQl72cUF7RQ5EiHsGvSsVG0ia9c5RbWGL2CI4C7EpPS8UTBIplnlzZiNuV56w+FuNxy3ty2Q==",
      "requires": {
        "has-flag": "^4.0.0"
      }
    },
    "tree-kill": {
      "version": "1.2.2",
      "resolved": "https://registry.npmjs.org/tree-kill/-/tree-kill-1.2.2.tgz",
      "integrity": "sha512-L0Orpi8qGpRG//Nd+H90vFB+3iHnue1zSSGmNOOCh1GLJ7rUKVwV2HvijphGQS2UmhUZewS9VgvxYIdgr+fG1A=="
    },
    "tslib": {
      "version": "2.4.0",
      "resolved": "https://registry.npmjs.org/tslib/-/tslib-2.4.0.tgz",
      "integrity": "sha512-d6xOpEDfsi2CZVlPQzGeux8XMwLT9hssAsaPYExaQMuYskwb+x1x7J371tWlbBdWHroy99KnVB6qIkUbs5X3UQ=="
    },
    "web-streams-polyfill": {
      "version": "3.2.1",
      "resolved": "https://registry.npmjs.org/web-streams-polyfill/-/web-streams-polyfill-3.2.1.tgz",
      "integrity": "sha512-e0MO3wdXWKrLbL0DgGnUV7WHVuw9OUvL4hjgnPkIeEvESk74gAITi5G606JtZPp39cd8HA9VQzCIvA49LpPN5Q==",
      "peer": true
    },
    "wrap-ansi": {
      "version": "7.0.0",
      "resolved": "https://registry.npmjs.org/wrap-ansi/-/wrap-ansi-7.0.0.tgz",
      "integrity": "sha512-YVGIj2kamLSTxw6NsZjoBxfSwsn0ycdesmc4p+Q21c5zPuZ1pl+NfxVdxPtdHvmNVOQ6XSYG4AUtyt/Fi7D16Q==",
      "requires": {
        "ansi-styles": "^4.0.0",
        "string-width": "^4.1.0",
        "strip-ansi": "^6.0.0"
      }
    },
    "y18n": {
      "version": "5.0.8",
      "resolved": "https://registry.npmjs.org/y18n/-/y18n-5.0.8.tgz",
      "integrity": "sha512-0pfFzegeDWJHJIAmTLRP2DwHjdF5s7jo9tuztdQxAhINCdvS+3nGINqPd00AphqJR/0LhANUS6/+7SCb98YOfA=="
    },
    "yargs": {
      "version": "17.5.1",
      "resolved": "https://registry.npmjs.org/yargs/-/yargs-17.5.1.tgz",
      "integrity": "sha512-t6YAJcxDkNX7NFYiVtKvWUz8l+PaKTLiL63mJYWR2GnHq2gjEWISzsLp9wg3aY36dY1j+gfIEL3pIF+XlJJfbA==",
      "requires": {
        "cliui": "^7.0.2",
        "escalade": "^3.1.1",
        "get-caller-file": "^2.0.5",
        "require-directory": "^2.1.1",
        "string-width": "^4.2.3",
        "y18n": "^5.0.5",
        "yargs-parser": "^21.0.0"
      }
    },
    "yargs-parser": {
      "version": "21.0.1",
      "resolved": "https://registry.npmjs.org/yargs-parser/-/yargs-parser-21.0.1.tgz",
      "integrity": "sha512-9BK1jFpLzJROCI5TzwZL/TU4gqjK5xiHV/RfWLOahrjAko/e4DJkRDZQXfvqAsiZzzYhgAzbgz6lg48jcm4GLg=="
    }
  }
}
